
Microsoft Visual Studio Solution File, Format Version 12.00
# Visual Studio Version 16
VisualStudioVersion = 16.0.29709.97
MinimumVisualStudioVersion = 10.0.40219.1
Project("{FAE04EC0-301F-11D3-BF4B-00C04F79EFBC}") = "SampleMaintenanceSite", "SampleMaintenanceSite\SampleMaintenanceSite.csproj", "{353F74F1-D0B6-49E3-B0E4-6AB677ECF98F}"
EndProject
Global
	GlobalSection(SolutionConfigurationPlatforms) = preSolution
		Debug|Any CPU = Debug|Any CPU
		Release|Any CPU = Release|Any CPU
	EndGlobalSection
	GlobalSection(ProjectConfigurationPlatforms) = postSolution
		{353F74F1-D0B6-49E3-B0E4-6AB677ECF98F}.Debug|Any CPU.ActiveCfg = Debug|Any CPU
		{353F74F1-D0B6-49E3-B0E4-6AB677ECF98F}.Debug|Any CPU.Build.0 = Debug|Any CPU
		{353F74F1-D0B6-49E3-B0E4-6AB677ECF98F}.Release|Any CPU.ActiveCfg = Release|Any CPU
		{353F74F1-D0B6-49E3-B0E4-6AB677ECF98F}.Release|Any CPU.Build.0 = Release|Any CPU
	EndGlobalSection
	GlobalSection(SolutionProperties) = preSolution
		HideSolutionNode = FALSE
	EndGlobalSection
	GlobalSection(ExtensibilityGlobals) = postSolution
		SolutionGuid = {FC3743EA-7E4E-4977-A8A2-1A4AB4F8EDCD}
	EndGlobalSection
EndGlobal
